
Microsoft Visual Studio Solution File, Format Version 12.00
# Visual Studio Version 16
VisualStudioVersion = 16.0.31727.386
MinimumVisualStudioVersion = 10.0.40219.1
Project("{8BC9CEB8-8B4A-11D0-8D11-00A0C91BC942}") = "Task01", "Task01\Task01.vcxproj", "{3B9EF871-FDB4-4590-90CC-12FF94285EFA}"
EndProject
Project("{8BC9CEB8-8B4A-11D0-8D11-00A0C91BC942}") = "Task02", "Task02\Task02.vcxproj", "{55E17E44-8182-4D95-825A-33DAF8490B59}"
EndProject
Global
	GlobalSection(SolutionConfigurationPlatforms) = preSolution
		Debug|x64 = Debug|x64
		Debug|x86 = Debug|x86
		Release|x64 = Release|x64
		Release|x86 = Release|x86
	EndGlobalSection
	GlobalSection(ProjectConfigurationPlatforms) = postSolution
		{3B9EF871-FDB4-4590-90CC-12FF94285EFA}.Debug|x64.ActiveCfg = Debug|x64
		{3B9EF871-FDB4-4590-90CC-12FF94285EFA}.Debug|x64.Build.0 = Debug|x64
		{3B9EF871-FDB4-4590-90CC-12FF94285EFA}.Debug|x86.ActiveCfg = Debug|Win32
		{3B9EF871-FDB4-4590-90CC-12FF94285EFA}.Debug|x86.Build.0 = Debug|Win32
		{3B9EF871-FDB4-4590-90CC-12FF94285EFA}.Release|x64.ActiveCfg = Release|x64
		{3B9EF871-FDB4-4590-90CC-12FF94285EFA}.Release|x64.Build.0 = Release|x64
		{3B9EF871-FDB4-4590-90CC-12FF94285EFA}.Release|x86.ActiveCfg = Release|Win32
		{3B9EF871-FDB4-4590-90CC-12FF94285EFA}.Release|x86.Build.0 = Release|Win32
		{55E17E44-8182-4D95-825A-33DAF8490B59}.Debug|x64.ActiveCfg = Debug|x64
		{55E17E44-8182-4D95-825A-33DAF8490B59}.Debug|x64.Build.0 = Debug|x64
		{55E17E44-8182-4D95-825A-33DAF8490B59}.Debug|x86.ActiveCfg = Debug|Win32
		{55E17E44-8182-4D95-825A-33DAF8490B59}.Debug|x86.Build.0 = Debug|Win32
		{55E17E44-8182-4D95-825A-33DAF8490B59}.Release|x64.ActiveCfg = Release|x64
		{55E17E44-8182-4D95-825A-33DAF8490B59}.Release|x64.Build.0 = Release|x64
		{55E17E44-8182-4D95-825A-33DAF8490B59}.Release|x86.ActiveCfg = Release|Win32
		{55E17E44-8182-4D95-825A-33DAF8490B59}.Release|x86.Build.0 = Release|Win32
	EndGlobalSection
	GlobalSection(SolutionProperties) = preSolution
		HideSolutionNode = FALSE
	EndGlobalSection
	GlobalSection(ExtensibilityGlobals) = postSolution
		SolutionGuid = {4FB9D076-3416-4916-B05B-A9181CD6FD44}
	EndGlobalSection
EndGlobal
